# 🚀 Guide de Déploiement - Hoop Board

Guide pas à pas pour déployer Hoop Board sur Vercel avec Supabase.

## ✅ Checklist avant déploiement

- [ ] Compte GitHub créé
- [ ] Compte Vercel créé
- [ ] Compte Supabase créé
- [ ] (Optionnel) Compte Stripe créé

## 📋 Étape 1 : Push sur GitHub

### 1.1 Créer le repo sur GitHub

1. Aller sur [github.com](https://github.com)
2. Cliquer sur **"+"** → **"New repository"**
3. Nom du repo : `hoopboard`
4. Choisir **Public** ou **Private**
5. Ne PAS initialiser avec README (on a déjà les fichiers)
6. Cliquer **"Create repository"**

### 1.2 Push le code

Dans ton terminal, depuis le dossier `basketball-saas` :

```bash
git init
git add .
git commit -m "Initial commit - Hoop Board MVP"
git branch -M main
git remote add origin https://github.com/[TON_USERNAME]/hoopboard.git
git push -u origin main
```

Remplace `[TON_USERNAME]` par ton username GitHub.

✅ **Vérification** : Rafraîchir la page GitHub, tu dois voir tous tes fichiers.

---

## 🗄️ Étape 2 : Setup Supabase

### 2.1 Créer le projet

1. Aller sur [supabase.com](https://supabase.com)
2. Cliquer **"Start your project"** → **"New project"**
3. Remplir :
   - **Name** : `hoopboard-prod`
   - **Database Password** : Générer un mot de passe fort (NOTER QUELQUE PART)
   - **Region** : Choisir le plus proche (Europe West pour la France)
   - **Pricing** : Free (largement suffisant pour MVP)
4. Cliquer **"Create new project"**
5. Attendre 2-3 minutes que le projet se crée

### 2.2 Créer les tables

1. Dans la sidebar, cliquer **"SQL Editor"**
2. Cliquer **"New query"**
3. Ouvrir le fichier `supabase/schema.sql` de ton projet
4. Copier TOUT le contenu
5. Coller dans l'éditeur SQL Supabase
6. Cliquer **"Run"** (ou Ctrl+Enter)
7. Tu dois voir **"Success. No rows returned"**

✅ **Vérification** :
- Aller dans **"Table Editor"** → Tu dois voir 5 tables :
  - `clubs`
  - `equipes`
  - `joueurs`
  - `matchs`
  - `actions_match`

### 2.3 Récupérer les clés API

1. Dans la sidebar, cliquer **"Settings"** → **"API"**
2. Noter ces 2 valeurs :
   - **Project URL** : `https://xxx.supabase.co`
   - **anon public** : `eyJhbGciOiJIUzI1NiIsInR5cCI6IkpXVCJ9...` (très long)
3. Révéler et copier aussi :
   - **service_role secret** : `eyJhbGciOiJIUzI1NiIsInR5cCI6IkpXVCJ9...` (encore plus long)

⚠️ **Important** : Ne JAMAIS commit ces clés dans GitHub ! Elles seront dans Vercel uniquement.

---

## 🚀 Étape 3 : Déployer sur Vercel

### 3.1 Connecter GitHub

1. Aller sur [vercel.com](https://vercel.com)
2. Se connecter avec **"Continue with GitHub"**
3. Autoriser Vercel à accéder à tes repos
4. Cliquer **"Import Project"**
5. Chercher `hoopboard` dans la liste
6. Cliquer **"Import"**

### 3.2 Configurer le projet

**Root Directory** : Laisser `./`  
**Framework Preset** : Next.js (détecté automatiquement)  
**Build Command** : `npm run build` (par défaut)  
**Output Directory** : `.next` (par défaut)

### 3.3 Ajouter les variables d'environnement

Cliquer sur **"Environment Variables"** et ajouter :

| Name | Value | Source |
|------|-------|--------|
| `NEXT_PUBLIC_SUPABASE_URL` | `https://xxx.supabase.co` | Supabase Settings > API |
| `NEXT_PUBLIC_SUPABASE_ANON_KEY` | `eyJhbGci...` (anon public) | Supabase Settings > API |
| `SUPABASE_SERVICE_ROLE_KEY` | `eyJhbGci...` (service_role) | Supabase Settings > API |
| `NEXT_PUBLIC_APP_URL` | `https://hoopboard.vercel.app` | Vercel te donnera l'URL après deploy |

Pour `NEXT_PUBLIC_APP_URL`, tu peux mettre temporairement `https://temp.vercel.app`, puis modifier après le premier deploy.

### 3.4 Déployer

1. Cliquer **"Deploy"**
2. Attendre 2-3 minutes
3. Tu verras **"Congratulations!"** avec un confetti 🎉
4. Cliquer sur **"Visit"** pour voir ton site live !

### 3.5 Mettre à jour l'URL

1. Copier l'URL donnée par Vercel (ex: `https://hoopboard-abc123.vercel.app`)
2. Aller dans **Settings** → **Environment Variables**
3. Modifier `NEXT_PUBLIC_APP_URL` avec la vraie URL
4. Cliquer **"Save"**
5. Aller dans **Deployments** → Cliquer sur les **"..."** du dernier deploy → **"Redeploy"**

✅ **Vérification** :
- Visiter `https://ton-url.vercel.app`
- Tu dois voir la landing page Hoop Board en orange/blanc
- Pas d'erreur 500

---

## 💳 Étape 4 : Setup Stripe (Optionnel)

### 4.1 Créer le compte

1. Aller sur [stripe.com](https://stripe.com)
2. S'inscrire (gratuit)
3. Activer le **"Mode Test"** (bascule en haut à droite)

### 4.2 Récupérer les clés

1. Aller dans **Developers** → **API keys**
2. Noter :
   - **Publishable key** : `pk_test_xxx`
   - **Secret key** : `sk_test_xxx` (révéler et copier)

### 4.3 Créer le produit

1. Aller dans **Products** → **Add product**
2. Remplir :
   - **Name** : Abonnement Hoop Board
   - **Description** : Gestion de club basketball
   - **Pricing** : Recurring → `49 EUR` / month
3. Cliquer **"Save product"**

### 4.4 Ajouter les clés dans Vercel

1. Aller sur Vercel → Ton projet → **Settings** → **Environment Variables**
2. Ajouter :
   - `STRIPE_SECRET_KEY` = `sk_test_xxx`
   - `NEXT_PUBLIC_STRIPE_PUBLISHABLE_KEY` = `pk_test_xxx`
3. **"Save"** → **Redeploy**

### 4.5 Configurer le Webhook

1. Dans Stripe, aller dans **Developers** → **Webhooks**
2. Cliquer **"Add endpoint"**
3. Endpoint URL : `https://ton-url.vercel.app/api/stripe/webhook`
4. Events à écouter :
   - `customer.subscription.created`
   - `customer.subscription.updated`
   - `customer.subscription.deleted`
   - `invoice.payment_succeeded`
   - `invoice.payment_failed`
5. **"Add endpoint"**
6. Copier le **"Signing secret"** (`whsec_xxx`)
7. L'ajouter dans Vercel : `STRIPE_WEBHOOK_SECRET` = `whsec_xxx`

---

## 🎉 Étape 5 : Tester en production

### Test basique

1. Visiter ton URL Vercel
2. Landing page s'affiche → ✅
3. Cliquer **"Dashboard Président"** → Page charge → ✅
4. Revenir et cliquer **"Interface Coach"** → Page charge → ✅

### Test Supabase

1. Dans Supabase, aller dans **SQL Editor**
2. Créer un club de test :

```sql
INSERT INTO clubs (nom, president_email, password_hash)
VALUES ('Test Club', 'test@test.com', 'hash123');
```

3. Aller dans **Table Editor** → `clubs` → Tu dois voir la ligne → ✅

### Test QR Codes (quand implémentés)

1. Générer un QR pour une équipe
2. Scanner avec ton téléphone
3. Doit ouvrir `/coach/[token]` → ✅

---

## 🔄 Workflow de développement

### Pour modifier le code

1. Modifier localement
2. Tester en local : `npm run dev`
3. Commit :
```bash
git add .
git commit -m "Description des changements"
git push
```
4. Vercel détecte le push → Déploiement automatique en 2min
5. Visiter ton URL → Changements live ✅

### Branches

Pour tester sans casser la prod :

```bash
git checkout -b feature/nouvelle-fonctionnalite
# Modifier le code
git push origin feature/nouvelle-fonctionnalite
```

Vercel créera un **preview deployment** automatiquement avec une URL temporaire.

Une fois testé :
```bash
git checkout main
git merge feature/nouvelle-fonctionnalite
git push
```

---

## 🐛 Troubleshooting

### Erreur "Module not found"
→ Vérifier que toutes les dépendances sont dans `package.json`  
→ Dans Vercel : **Settings** → **General** → Cliquer **"Redeploy"**

### Erreur Supabase "Invalid JWT"
→ Vérifier que les clés dans Vercel sont correctes  
→ Copier/coller à nouveau depuis Supabase Settings > API

### Page blanche / Erreur 500
→ Aller dans Vercel **Deployments** → Cliquer sur le deploy → **"Function Logs"**  
→ Lire l'erreur et corriger

### Build qui échoue
→ Tester en local : `npm run build`  
→ Corriger les erreurs TypeScript  
→ Push le fix

---

## 📞 Support

Si problème :
1. Vérifier les logs Vercel
2. Vérifier les logs Supabase (Dashboard > Logs)
3. Tester en local pour reproduire l'erreur

---

## ✅ Checklist finale

- [ ] Site accessible sur l'URL Vercel
- [ ] Landing page s'affiche correctement
- [ ] Navigation entre pages fonctionne
- [ ] Supabase : 5 tables créées
- [ ] Variables d'environnement ajoutées
- [ ] (Optionnel) Stripe configuré

🎉 **Félicitations, Hoop Board est en ligne !**
